
Microsoft Visual Studio Solution File, Format Version 12.00
# Visual Studio 15
Project("{FAE04EC0-301F-11D3-BF4B-00C04F79EFBC}") = "Assembly-CSharp", "Assembly-CSharp.csproj", "{46090AD7-F9E6-ED65-A8E7-36C84027DA52}"
EndProject
Project("{FAE04EC0-301F-11D3-BF4B-00C04F79EFBC}") = "Assembly-CSharp-firstpass", "Assembly-CSharp-firstpass.csproj", "{0A0D5D01-61F8-685C-76E6-FDF477C22E1C}"
EndProject
Global
	GlobalSection(SolutionConfigurationPlatforms) = preSolution
		Debug|Any CPU = Debug|Any CPU
		Release|Any CPU = Release|Any CPU
	EndGlobalSection
	GlobalSection(ProjectConfigurationPlatforms) = postSolution
		{46090AD7-F9E6-ED65-A8E7-36C84027DA52}.Debug|Any CPU.ActiveCfg = Debug|Any CPU
		{46090AD7-F9E6-ED65-A8E7-36C84027DA52}.Debug|Any CPU.Build.0 = Debug|Any CPU
		{46090AD7-F9E6-ED65-A8E7-36C84027DA52}.Release|Any CPU.ActiveCfg = Release|Any CPU
		{46090AD7-F9E6-ED65-A8E7-36C84027DA52}.Release|Any CPU.Build.0 = Release|Any CPU
		{0A0D5D01-61F8-685C-76E6-FDF477C22E1C}.Debug|Any CPU.ActiveCfg = Debug|Any CPU
		{0A0D5D01-61F8-685C-76E6-FDF477C22E1C}.Debug|Any CPU.Build.0 = Debug|Any CPU
		{0A0D5D01-61F8-685C-76E6-FDF477C22E1C}.Release|Any CPU.ActiveCfg = Release|Any CPU
		{0A0D5D01-61F8-685C-76E6-FDF477C22E1C}.Release|Any CPU.Build.0 = Release|Any CPU
	EndGlobalSection
	GlobalSection(SolutionProperties) = preSolution
		HideSolutionNode = FALSE
	EndGlobalSection
EndGlobal
